
Microsoft Visual Studio Solution File, Format Version 12.00
# Visual Studio Version 17
VisualStudioVersion = 17.8.34525.116
MinimumVisualStudioVersion = 10.0.40219.1
Project("{FAE04EC0-301F-11D3-BF4B-00C04F79EFBC}") = "Notes_project", "Notes_project\Notes_project.csproj", "{DC4A3F3B-33D5-4EF9-863D-1F9B06B6FA9A}"
EndProject
Global
	GlobalSection(SolutionConfigurationPlatforms) = preSolution
		Debug|Any CPU = Debug|Any CPU
		Release|Any CPU = Release|Any CPU
	EndGlobalSection
	GlobalSection(ProjectConfigurationPlatforms) = postSolution
		{DC4A3F3B-33D5-4EF9-863D-1F9B06B6FA9A}.Debug|Any CPU.ActiveCfg = Debug|Any CPU
		{DC4A3F3B-33D5-4EF9-863D-1F9B06B6FA9A}.Debug|Any CPU.Build.0 = Debug|Any CPU
		{DC4A3F3B-33D5-4EF9-863D-1F9B06B6FA9A}.Release|Any CPU.ActiveCfg = Release|Any CPU
		{DC4A3F3B-33D5-4EF9-863D-1F9B06B6FA9A}.Release|Any CPU.Build.0 = Release|Any CPU
	EndGlobalSection
	GlobalSection(SolutionProperties) = preSolution
		HideSolutionNode = FALSE
	EndGlobalSection
	GlobalSection(ExtensibilityGlobals) = postSolution
		SolutionGuid = {42BCB56F-E868-43A9-B167-C9AA377C529A}
	EndGlobalSection
EndGlobal
